
Microsoft Visual Studio Solution File, Format Version 12.00
# Visual Studio Version 16
VisualStudioVersion = 16.0.30413.136
MinimumVisualStudioVersion = 10.0.40219.1
Project("{9A19103F-16F7-4668-BE54-9A1E7A4F7556}") = "Web", "Miniblog\Web.csproj", "{167DCB09-A54F-48AB-8FB6-6F17EDD1CB18}"
EndProject
Project("{9A19103F-16F7-4668-BE54-9A1E7A4F7556}") = "Domain", "Domain\Domain.csproj", "{0621450E-6070-4A11-8AAE-60F7BC315BA5}"
EndProject
Project("{9A19103F-16F7-4668-BE54-9A1E7A4F7556}") = "Repo", "Repository\Repo.csproj", "{6E5F8D38-A858-4DCD-8817-0BB4F0E4A766}"
EndProject
Project("{9A19103F-16F7-4668-BE54-9A1E7A4F7556}") = "Services", "Services\Services.csproj", "{DCEAE2CC-4E0F-488D-BEB7-47840340FE2E}"
EndProject
Project("{2150E333-8FDC-42A3-9474-1A3956D46DE8}") = "Tests", "Tests", "{1416246E-E0E0-4DF3-8F18-55A90AFEC1EF}"
EndProject
Project("{9A19103F-16F7-4668-BE54-9A1E7A4F7556}") = "Services.UnitTests", "Services.UnitTests\Services.UnitTests.csproj", "{A811427A-BBF3-4F26-8CD2-7AB2E314B1E6}"
EndProject
Global
	GlobalSection(SolutionConfigurationPlatforms) = preSolution
		Debug|Any CPU = Debug|Any CPU
		Release|Any CPU = Release|Any CPU
	EndGlobalSection
	GlobalSection(ProjectConfigurationPlatforms) = postSolution
		{167DCB09-A54F-48AB-8FB6-6F17EDD1CB18}.Debug|Any CPU.ActiveCfg = Debug|Any CPU
		{167DCB09-A54F-48AB-8FB6-6F17EDD1CB18}.Debug|Any CPU.Build.0 = Debug|Any CPU
		{167DCB09-A54F-48AB-8FB6-6F17EDD1CB18}.Release|Any CPU.ActiveCfg = Release|Any CPU
		{167DCB09-A54F-48AB-8FB6-6F17EDD1CB18}.Release|Any CPU.Build.0 = Release|Any CPU
		{0621450E-6070-4A11-8AAE-60F7BC315BA5}.Debug|Any CPU.ActiveCfg = Debug|Any CPU
		{0621450E-6070-4A11-8AAE-60F7BC315BA5}.Debug|Any CPU.Build.0 = Debug|Any CPU
		{0621450E-6070-4A11-8AAE-60F7BC315BA5}.Release|Any CPU.ActiveCfg = Release|Any CPU
		{0621450E-6070-4A11-8AAE-60F7BC315BA5}.Release|Any CPU.Build.0 = Release|Any CPU
		{6E5F8D38-A858-4DCD-8817-0BB4F0E4A766}.Debug|Any CPU.ActiveCfg = Debug|Any CPU
		{6E5F8D38-A858-4DCD-8817-0BB4F0E4A766}.Debug|Any CPU.Build.0 = Debug|Any CPU
		{6E5F8D38-A858-4DCD-8817-0BB4F0E4A766}.Release|Any CPU.ActiveCfg = Release|Any CPU
		{6E5F8D38-A858-4DCD-8817-0BB4F0E4A766}.Release|Any CPU.Build.0 = Release|Any CPU
		{DCEAE2CC-4E0F-488D-BEB7-47840340FE2E}.Debug|Any CPU.ActiveCfg = Debug|Any CPU
		{DCEAE2CC-4E0F-488D-BEB7-47840340FE2E}.Debug|Any CPU.Build.0 = Debug|Any CPU
		{DCEAE2CC-4E0F-488D-BEB7-47840340FE2E}.Release|Any CPU.ActiveCfg = Release|Any CPU
		{DCEAE2CC-4E0F-488D-BEB7-47840340FE2E}.Release|Any CPU.Build.0 = Release|Any CPU
		{A811427A-BBF3-4F26-8CD2-7AB2E314B1E6}.Debug|Any CPU.ActiveCfg = Debug|Any CPU
		{A811427A-BBF3-4F26-8CD2-7AB2E314B1E6}.Debug|Any CPU.Build.0 = Debug|Any CPU
		{A811427A-BBF3-4F26-8CD2-7AB2E314B1E6}.Release|Any CPU.ActiveCfg = Release|Any CPU
		{A811427A-BBF3-4F26-8CD2-7AB2E314B1E6}.Release|Any CPU.Build.0 = Release|Any CPU
	EndGlobalSection
	GlobalSection(SolutionProperties) = preSolution
		HideSolutionNode = FALSE
	EndGlobalSection
	GlobalSection(NestedProjects) = preSolution
		{A811427A-BBF3-4F26-8CD2-7AB2E314B1E6} = {1416246E-E0E0-4DF3-8F18-55A90AFEC1EF}
	EndGlobalSection
	GlobalSection(ExtensibilityGlobals) = postSolution
		SolutionGuid = {B63E991C-14DE-4D9E-A47F-55833005B272}
	EndGlobalSection
EndGlobal
